github.com/aliyun/alibabacloud-oss-go-sdk-v2 v1.3.0 h1:wQlqotpyjYPjJz+Noh5bRu7Snmydk8SKC5Z6u1CR20Y=
github.com/aliyun/alibabacloud-oss-go-sdk-v2 v1.3.0/go.mod h1:FTzydeQVmR24FI0D6XWUOMKckjXehM/jgMn1xC+DA9M=
github.com/starter-go/v1/buckets v0.9.0 h1:hVyRgqOcQz+S2K+7qlYyPJk+GMXPGqlj95Zx55DZ1To=
github.com/starter-go/v1/buckets v0.9.0/go.mod h1:XQGGqEL/GWJwwpSlAAweh5Wu/RObCaHp0NBgiDvu0VA=
golang.org/x/time v0.4.0 h1:Z81tqI5ddIoXDPvVQ7/7CC9TnLM7ubaFG2qXYd5BbYY=
golang.org/x/time v0.4.0/go.mod h1:3BpzKBy/shNhVucY/MWOyx10tF3SFh9QdLuxbVysPQM=
